<?xml version="1.0" encoding="utf-8"?>
<Project ToolsVersion="4.0" xmlns="http://schemas.microsoft.com/developer/msbuild/2003">
  <ItemGroup>
    <Filter Include="Source Files">
      <UniqueIdentifier>{fe41edf5-e5ab-4098-a803-bdc35586a5b5}</UniqueIdentifier>
      <Extensions>cpp;c;cxx;rc;def;r;odl;idl;hpj;bat</Extensions>
    </Filter>
    <Filter Include="Header Files">
      <UniqueIdentifier>{e62c6ad4-434f-4c3b-a44f-37beaf19ceb9}</UniqueIdentifier>
      <Extensions>h;hpp;hxx;hm;inl</Extensions>
    </Filter>
    <Filter Include="Resource Files">
      <UniqueIdentifier>{335c2688-1885-4260-981c-d3bcf752985a}</UniqueIdentifier>
      <Extensions>ico;cur;bmp;dlg;rc2;rct;bin;rgs;gif;jpg;jpeg;jpe</Extensions>
    </Filter>
  </ItemGroup>
  <ItemGroup>
    <ClCompile Include="ALE.cpp">
      <Filter>Source Files</Filter>
    </ClCompile>
    <ClCompile Include="ALEDoc.cpp">
      <Filter>Source Files</Filter>
    </ClCompile>
    <ClCompile Include="ALEView.cpp">
      <Filter>Source Files</Filter>
    </ClCompile>
    <ClCompile Include="AMDDisplay.cpp">
      <Filter>Source Files</Filter>
    </ClCompile>
    <ClCompile Include="AMDText.cpp">
      <Filter>Source Files</Filter>
    </ClCompile>
    <ClCompile Include="ChannelDlg.cpp">
      <Filter>Source Files</Filter>
    </ClCompile>
    <ClCompile Include="ChannelList.cpp">
      <Filter>Source Files</Filter>
    </ClCompile>
    <ClCompile Include="CircBufI.cpp">
      <Filter>Source Files</Filter>
    </ClCompile>
    <ClCompile Include="CircBufO.cpp">
      <Filter>Source Files</Filter>
    </ClCompile>
    <ClCompile Include="Config.cpp">
      <Filter>Source Files</Filter>
    </ClCompile>
    <ClCompile Include="Dlgfloat.cpp">
      <Filter>Source Files</Filter>
    </ClCompile>
    <ClCompile Include="HDAudio.cpp">
      <Filter>Source Files</Filter>
    </ClCompile>
    <ClCompile Include="Icom.cpp">
      <Filter>Source Files</Filter>
    </ClCompile>
    <ClCompile Include="MainFrm.cpp">
      <Filter>Source Files</Filter>
    </ClCompile>
    <ClCompile Include="OtherAddrDlg.cpp">
      <Filter>Source Files</Filter>
    </ClCompile>
    <ClCompile Include="OtherAddrList.cpp">
      <Filter>Source Files</Filter>
    </ClCompile>
    <ClCompile Include="Radio.cpp">
      <Filter>Source Files</Filter>
    </ClCompile>
    <ClCompile Include="SelectIndivAddr.cpp">
      <Filter>Source Files</Filter>
    </ClCompile>
    <ClCompile Include="SelectRxChannel.cpp">
      <Filter>Source Files</Filter>
    </ClCompile>
    <ClCompile Include="SelectSelfAddr.cpp">
      <Filter>Source Files</Filter>
    </ClCompile>
    <ClCompile Include="SelectSoundAddrs.cpp">
      <Filter>Source Files</Filter>
    </ClCompile>
    <ClCompile Include="SelfAddrDlg.cpp">
      <Filter>Source Files</Filter>
    </ClCompile>
    <ClCompile Include="SelfAddrList.cpp">
      <Filter>Source Files</Filter>
    </ClCompile>
    <ClCompile Include="SignalQualityDlg.cpp">
      <Filter>Source Files</Filter>
    </ClCompile>
    <ClCompile Include="SlotAddr.cpp">
      <Filter>Source Files</Filter>
    </ClCompile>
    <ClCompile Include="SlotList.cpp">
      <Filter>Source Files</Filter>
    </ClCompile>
    <ClCompile Include="StdAfx.cpp">
      <Filter>Source Files</Filter>
    </ClCompile>
    <ClCompile Include="SunTimes.cpp">
      <Filter>Source Files</Filter>
    </ClCompile>
  </ItemGroup>
  <ItemGroup>
    <ResourceCompile Include="ALE.rc">
      <Filter>Source Files</Filter>
    </ResourceCompile>
  </ItemGroup>
  <ItemGroup>
    <ClInclude Include="ALE.h">
      <Filter>Header Files</Filter>
    </ClInclude>
    <ClInclude Include="ALEDoc.h">
      <Filter>Header Files</Filter>
    </ClInclude>
    <ClInclude Include="ALEView.h">
      <Filter>Header Files</Filter>
    </ClInclude>
    <ClInclude Include="AMDDisplay.h">
      <Filter>Header Files</Filter>
    </ClInclude>
    <ClInclude Include="AMDText.h">
      <Filter>Header Files</Filter>
    </ClInclude>
    <ClInclude Include="ChannelDlg.h">
      <Filter>Header Files</Filter>
    </ClInclude>
    <ClInclude Include="ChannelList.h">
      <Filter>Header Files</Filter>
    </ClInclude>
    <ClInclude Include="CircBuf.h">
      <Filter>Header Files</Filter>
    </ClInclude>
    <ClInclude Include="Config.h">
      <Filter>Header Files</Filter>
    </ClInclude>
    <ClInclude Include="Dlgfloat.h">
      <Filter>Header Files</Filter>
    </ClInclude>
    <ClInclude Include="HDAudio.h">
      <Filter>Header Files</Filter>
    </ClInclude>
    <ClInclude Include="Icom.h">
      <Filter>Header Files</Filter>
    </ClInclude>
    <ClInclude Include="MainFrm.h">
      <Filter>Header Files</Filter>
    </ClInclude>
    <ClInclude Include="OtherAddrDlg.h">
      <Filter>Header Files</Filter>
    </ClInclude>
    <ClInclude Include="OtherAddrList.h">
      <Filter>Header Files</Filter>
    </ClInclude>
    <ClInclude Include="Radio.h">
      <Filter>Header Files</Filter>
    </ClInclude>
    <ClInclude Include="SelectIndivAddr.h">
      <Filter>Header Files</Filter>
    </ClInclude>
    <ClInclude Include="SelectRxChannel.h">
      <Filter>Header Files</Filter>
    </ClInclude>
    <ClInclude Include="SelectSelfAddr.h">
      <Filter>Header Files</Filter>
    </ClInclude>
    <ClInclude Include="SelectSoundAddrs.h">
      <Filter>Header Files</Filter>
    </ClInclude>
    <ClInclude Include="SelfAddrDlg.h">
      <Filter>Header Files</Filter>
    </ClInclude>
    <ClInclude Include="SelfAddrList.h">
      <Filter>Header Files</Filter>
    </ClInclude>
    <ClInclude Include="SignalQualityDlg.h">
      <Filter>Header Files</Filter>
    </ClInclude>
    <ClInclude Include="SlotAddr.h">
      <Filter>Header Files</Filter>
    </ClInclude>
    <ClInclude Include="SlotList.h">
      <Filter>Header Files</Filter>
    </ClInclude>
    <ClInclude Include="StdAfx.h">
      <Filter>Header Files</Filter>
    </ClInclude>
    <ClInclude Include="SunTimes.h">
      <Filter>Header Files</Filter>
    </ClInclude>
  </ItemGroup>
  <ItemGroup>
    <Image Include="res\ALE.ico">
      <Filter>Resource Files</Filter>
    </Image>
    <Image Include="res\ALEDoc.ico">
      <Filter>Resource Files</Filter>
    </Image>
    <Image Include="res\movedownd.bmp">
      <Filter>Resource Files</Filter>
    </Image>
    <Image Include="res\movedownf.bmp">
      <Filter>Resource Files</Filter>
    </Image>
    <Image Include="res\movedownu.bmp">
      <Filter>Resource Files</Filter>
    </Image>
    <Image Include="res\movedownx.bmp">
      <Filter>Resource Files</Filter>
    </Image>
    <Image Include="res\moveupd.bmp">
      <Filter>Resource Files</Filter>
    </Image>
    <Image Include="res\moveupf.bmp">
      <Filter>Resource Files</Filter>
    </Image>
    <Image Include="res\moveupu.bmp">
      <Filter>Resource Files</Filter>
    </Image>
    <Image Include="res\moveupx.bmp">
      <Filter>Resource Files</Filter>
    </Image>
    <Image Include="res\Toolbar.bmp">
      <Filter>Resource Files</Filter>
    </Image>
  </ItemGroup>
  <ItemGroup>
    <Text Include="ReadMe.txt" />
  </ItemGroup>
  <ItemGroup>
    <CustomBuild Include="Resource.h">
      <Filter>Header Files</Filter>
    </CustomBuild>
    <CustomBuild Include="res\ALE.rc2">
      <Filter>Resource Files</Filter>
    </CustomBuild>
    <CustomBuild Include="ALE.reg" />
  </ItemGroup>
</Project>